
Microsoft Visual Studio Solution File, Format Version 12.00
# Visual Studio Version 16
VisualStudioVersion = 16.0.29609.76
MinimumVisualStudioVersion = 10.0.40219.1
Project("{FAE04EC0-301F-11D3-BF4B-00C04F79EFBC}") = "SportStore", "SportStore\SportStore.csproj", "{C532151E-7258-427F-A3FC-E105DD0B2A5F}"
EndProject
Global
	GlobalSection(SolutionConfigurationPlatforms) = preSolution
		Debug|Any CPU = Debug|Any CPU
		Release|Any CPU = Release|Any CPU
	EndGlobalSection
	GlobalSection(ProjectConfigurationPlatforms) = postSolution
		{C532151E-7258-427F-A3FC-E105DD0B2A5F}.Debug|Any CPU.ActiveCfg = Debug|Any CPU
		{C532151E-7258-427F-A3FC-E105DD0B2A5F}.Debug|Any CPU.Build.0 = Debug|Any CPU
		{C532151E-7258-427F-A3FC-E105DD0B2A5F}.Release|Any CPU.ActiveCfg = Release|Any CPU
		{C532151E-7258-427F-A3FC-E105DD0B2A5F}.Release|Any CPU.Build.0 = Release|Any CPU
	EndGlobalSection
	GlobalSection(SolutionProperties) = preSolution
		HideSolutionNode = FALSE
	EndGlobalSection
	GlobalSection(ExtensibilityGlobals) = postSolution
		SolutionGuid = {AC620551-2CCB-4E76-BA6D-7325E09DBEE2}
	EndGlobalSection
EndGlobal
